# THIS IS AN AUTOGENERATED FILE. DO NOT EDIT THIS FILE DIRECTLY.
# yarn lockfile v1


"@esbuild/darwin-arm64@0.19.8":
  version "0.19.8"
  resolved "https://registry.npmjs.org/@esbuild/darwin-arm64/-/darwin-arm64-0.19.8.tgz"
  integrity sha512-RQw9DemMbIq35Bprbboyf8SmOr4UXsRVxJ97LgB55VKKeJOOdvsIPy0nFyF2l8U+h4PtBx/1kRf0BelOYCiQcw==

"@rollup/rollup-darwin-arm64@4.6.0":
  version "4.6.0"
  resolved "https://registry.npmjs.org/@rollup/rollup-darwin-arm64/-/rollup-darwin-arm64-4.6.0.tgz"
  integrity sha512-oLzzxcUIHltHxOCmaXl+pkIlU+uhSxef5HfntW7RsLh1eHm+vJzjD9Oo4oUKso4YuP4PpbFJNlZjJuOrxo8dPg==

"@types/stats.js@*":
  version "0.17.3"
  resolved "https://registry.npmjs.org/@types/stats.js/-/stats.js-0.17.3.tgz"
  integrity sha512-pXNfAD3KHOdif9EQXZ9deK82HVNaXP5ZIF5RP2QG6OQFNTaY2YIetfrE9t528vEreGQvEPRDDc8muaoYeK0SxQ==

"@types/three@^0.159.0":
  version "0.159.0"
  resolved "https://registry.npmjs.org/@types/three/-/three-0.159.0.tgz"
  integrity sha512-2gybdh7HtX+rGUgslzK7QEJfzD2I0qrbUGzKk+dK0FDx49UHkNX0rqZVRzIgeFjBd1HzzhNNgwNoMacm3Wyc7w==
  dependencies:
    "@types/stats.js" "*"
    "@types/webxr" "*"
    fflate "~0.6.10"
    meshoptimizer "~0.18.1"

"@types/webxr@*":
  version "0.5.10"
  resolved "https://registry.npmjs.org/@types/webxr/-/webxr-0.5.10.tgz"
  integrity sha512-n3u5sqXQJhf1CS68mw3Wf16FQ4cRPNBBwdYLFzq3UddiADOim1Pn3Y6PBdDilz1vOJF3ybLxJ8ZEDlLIzrOQZg==

abbrev@~1.0.9, abbrev@1:
  version "1.0.9"

ansi-regex@*, ansi-regex@^2.0.0:
  version "2.0.0"

ansi-styles@^2.2.1:
  version "2.2.1"

ansi@^0.3.0, ansi@~0.3.1:
  version "0.3.1"

ansicolors@~0.3.2:
  version "0.3.2"

ansistyles@~0.1.3:
  version "0.1.3"

anymatch@~3.1.2:
  version "3.1.3"
  resolved "https://registry.npmjs.org/anymatch/-/anymatch-3.1.3.tgz"
  integrity sha512-KMReFUr0B4t+D+OBkjR3KYqvocp2XaSzO55UcB6mgQMd3KbcE+mWTyvVV7D/zsdEbNnV6acZUutkiHQXvTr1Rw==
  dependencies:
    normalize-path "^3.0.0"
    picomatch "^2.0.4"

archy@~1.0.0:
  version "1.0.0"

are-we-there-yet@~1.1.2:
  version "1.1.2"
  dependencies:
    delegates "^1.0.0"
    readable-stream "^2.0.0 || ^1.1.13"

asap@^2.0.0:
  version "2.0.3"

asn1@~0.2.3:
  version "0.2.3"

assert-plus@^0.2.0:
  version "0.2.0"

assert-plus@^1.0.0:
  version "1.0.0"

async-some@~1.0.2:
  version "1.0.2"
  dependencies:
    dezalgo "^1.0.2"

async@^1.5.2:
  version "1.5.2"

aws-sign2@~0.6.0:
  version "0.6.0"

aws4@^1.2.1:
  version "1.4.1"

balanced-match@^0.4.1:
  version "0.4.2"

binary-extensions@^2.0.0:
  version "2.2.0"
  resolved "https://registry.npmjs.org/binary-extensions/-/binary-extensions-2.2.0.tgz"
  integrity sha512-jDctJ/IVQbZoJykoeHbhXpOlNBqGNcwXJKJog42E5HDPUwQTSdjCHdihjj0DlnheQ7blbT6dHOafNAiS8ooQKA==

bl@~1.1.2:
  version "1.1.2"
  dependencies:
    readable-stream "~2.0.5"

block-stream@*, block-stream@0.0.9:
  version "0.0.9"
  dependencies:
    inherits "~2.0.0"

boom@2.x.x:
  version "2.10.1"
  dependencies:
    hoek "2.x.x"

brace-expansion@^1.0.0:
  version "1.1.6"
  dependencies:
    balanced-match "^0.4.1"
    concat-map "0.0.1"

braces@~3.0.2:
  version "3.0.2"
  resolved "https://registry.npmjs.org/braces/-/braces-3.0.2.tgz"
  integrity sha512-b8um+L1RzM3WDSzvhm6gIz1yfTbBt6YTlcEKAvsmqCZZFw46z626lVj9j1yEPW33H5H+lBQpZMP1k8l+78Ha0A==
  dependencies:
    fill-range "^7.0.1"

buffer-shims@^1.0.0:
  version "1.0.0"

builtin-modules@^1.0.0:
  version "1.1.0"

builtins@0.0.7:
  version "0.0.7"

caseless@~0.11.0:
  version "0.11.0"

chalk@^1.1.1:
  version "1.1.3"
  dependencies:
    ansi-styles "^2.2.1"
    escape-string-regexp "^1.0.2"
    has-ansi "^2.0.0"
    strip-ansi "^3.0.0"
    supports-color "^2.0.0"

char-spinner@~1.0.1:
  version "1.0.1"

chmodr@~1.0.2:
  version "1.0.2"

"chokidar@>=3.0.0 <4.0.0":
  version "3.5.3"
  resolved "https://registry.npmjs.org/chokidar/-/chokidar-3.5.3.tgz"
  integrity sha512-Dr3sfKRP6oTcjf2JmUmFJfeVMvXBdegxB0iVQ5eb2V10uFJUCAS8OByZdVAyVb8xXNz3GjjTgj9kLWsZTqE6kw==
  dependencies:
    anymatch "~3.1.2"
    braces "~3.0.2"
    glob-parent "~5.1.2"
    is-binary-path "~2.1.0"
    is-glob "~4.0.1"
    normalize-path "~3.0.0"
    readdirp "~3.6.0"
  optionalDependencies:
    fsevents "~2.3.2"

chownr@~1.0.1:
  version "1.0.1"

clone@^1.0.2:
  version "1.0.2"

cmd-shim@~2.0.2:
  version "2.0.2"
  dependencies:
    graceful-fs "^4.1.2"
    mkdirp "~0.5.0"

columnify@~1.5.4:
  version "1.5.4"
  dependencies:
    strip-ansi "^3.0.0"
    wcwidth "^1.0.0"

combined-stream@^1.0.5, combined-stream@~1.0.5:
  version "1.0.5"
  dependencies:
    delayed-stream "~1.0.0"

commander@^2.9.0:
  version "2.9.0"
  dependencies:
    graceful-readlink ">= 1.0.0"

concat-map@0.0.1:
  version "0.0.1"

concat-stream@^1.5.2:
  version "1.5.2"
  dependencies:
    inherits "~2.0.1"
    readable-stream "~2.0.0"
    typedarray "~0.0.5"

config-chain@~1.1.10:
  version "1.1.10"
  dependencies:
    ini "^1.3.4"
    proto-list "~1.2.1"

core-util-is@~1.0.0:
  version "1.0.2"

create@^0.0.2:
  version "0.0.2"
  resolved "https://registry.npmjs.org/create/-/create-0.0.2.tgz"
  integrity sha512-Bwg4masTkJSItmzQ5GM7Sgv05g7FkcmyG5L5FOeBCU/O9K+AKub5eEwCAGwJ6uTPqY3BIFT1YIDjz3d70MZOcw==

cryptiles@2.x.x:
  version "2.0.5"
  dependencies:
    boom "2.x.x"

dashdash@^1.12.0:
  version "1.14.0"
  dependencies:
    assert-plus "^1.0.0"

debuglog@^1.0.1:
  version "1.0.1"

defaults@^1.0.0:
  version "1.0.3"
  dependencies:
    clone "^1.0.2"

delayed-stream@~1.0.0:
  version "1.0.0"

delegates@^1.0.0:
  version "1.0.0"

dezalgo@^1.0.0, dezalgo@^1.0.1, dezalgo@^1.0.2, dezalgo@~1.0.3:
  version "1.0.3"
  dependencies:
    asap "^2.0.0"
    wrappy "1"

ecc-jsbn@~0.1.1:
  version "0.1.1"
  dependencies:
    jsbn "~0.1.0"

editor@~1.0.0:
  version "1.0.0"

esbuild@^0.19.3:
  version "0.19.8"
  resolved "https://registry.npmjs.org/esbuild/-/esbuild-0.19.8.tgz"
  integrity sha512-l7iffQpT2OrZfH2rXIp7/FkmaeZM0vxbxN9KfiCwGYuZqzMg/JdvX26R31Zxn/Pxvsrg3Y9N6XTcnknqDyyv4w==
  optionalDependencies:
    "@esbuild/android-arm" "0.19.8"
    "@esbuild/android-arm64" "0.19.8"
    "@esbuild/android-x64" "0.19.8"
    "@esbuild/darwin-arm64" "0.19.8"
    "@esbuild/darwin-x64" "0.19.8"
    "@esbuild/freebsd-arm64" "0.19.8"
    "@esbuild/freebsd-x64" "0.19.8"
    "@esbuild/linux-arm" "0.19.8"
    "@esbuild/linux-arm64" "0.19.8"
    "@esbuild/linux-ia32" "0.19.8"
    "@esbuild/linux-loong64" "0.19.8"
    "@esbuild/linux-mips64el" "0.19.8"
    "@esbuild/linux-ppc64" "0.19.8"
    "@esbuild/linux-riscv64" "0.19.8"
    "@esbuild/linux-s390x" "0.19.8"
    "@esbuild/linux-x64" "0.19.8"
    "@esbuild/netbsd-x64" "0.19.8"
    "@esbuild/openbsd-x64" "0.19.8"
    "@esbuild/sunos-x64" "0.19.8"
    "@esbuild/win32-arm64" "0.19.8"
    "@esbuild/win32-ia32" "0.19.8"
    "@esbuild/win32-x64" "0.19.8"

escape-string-regexp@^1.0.2:
  version "1.0.5"

extend@~3.0.0:
  version "3.0.0"

extsprintf@1.0.2:
  version "1.0.2"

fflate@~0.6.10:
  version "0.6.10"
  resolved "https://registry.npmjs.org/fflate/-/fflate-0.6.10.tgz"
  integrity sha512-IQrh3lEPM93wVCEczc9SaAOvkmcoQn/G8Bo1e8ZPlY3X3bnAxWaBdvTdvM1hP62iZp0BXWDy4vTAy4fF0+Dlpg==

fill-range@^7.0.1:
  version "7.0.1"
  resolved "https://registry.npmjs.org/fill-range/-/fill-range-7.0.1.tgz"
  integrity sha512-qOo9F+dMUmC2Lcb4BbVvnKJxTPjCm+RRpe4gDuGrzkL7mEVl/djYSu2OdQ2Pa302N4oqkSg9ir6jaLWJ2USVpQ==
  dependencies:
    to-regex-range "^5.0.1"

forever-agent@~0.6.1:
  version "0.6.1"

form-data@~1.0.0-rc4:
  version "1.0.0-rc4"
  dependencies:
    async "^1.5.2"
    combined-stream "^1.0.5"
    mime-types "^2.1.10"

fs-vacuum@~1.2.9:
  version "1.2.9"
  dependencies:
    graceful-fs "^4.1.2"
    path-is-inside "^1.0.1"
    rimraf "^2.5.2"

fs-write-stream-atomic@~1.0.8:
  version "1.0.8"
  dependencies:
    graceful-fs "^4.1.2"
    iferr "^0.1.5"
    imurmurhash "^0.1.4"
    readable-stream "1 || 2"

fs.realpath@^1.0.0:
  version "1.0.0"

fsevents@~2.3.2, fsevents@~2.3.3:
  version "2.3.3"
  resolved "https://registry.npmjs.org/fsevents/-/fsevents-2.3.3.tgz"
  integrity sha512-5xoDfX+fL7faATnagmWPpbFtwh/R77WmMMqqHGS65C3vvB0YHrgF+B1YmZ3441tMj5n63k0212XNoJwzlhffQw==

fstream-ignore@^1.0.0:
  version "1.0.5"
  dependencies:
    fstream "^1.0.0"
    inherits "2"
    minimatch "^3.0.0"

fstream-npm@~1.1.1:
  version "1.1.1"
  dependencies:
    fstream-ignore "^1.0.0"
    inherits "2"

fstream@^1.0.0, fstream@^1.0.2, fstream@~1.0.10:
  version "1.0.10"
  dependencies:
    graceful-fs "^4.1.2"
    inherits "~2.0.0"
    mkdirp ">=0.5 0"
    rimraf "2"

gauge@~1.2.5:
  version "1.2.7"
  dependencies:
    ansi "^0.3.0"
    has-unicode "^2.0.0"
    lodash.pad "^4.1.0"
    lodash.padend "^4.1.0"
    lodash.padstart "^4.1.0"

generate-function@^2.0.0:
  version "2.0.0"

generate-object-property@^1.1.0:
  version "1.2.0"
  dependencies:
    is-property "^1.0.0"

getpass@^0.1.1:
  version "0.1.6"
  dependencies:
    assert-plus "^1.0.0"

github-url-from-git@~1.4.0:
  version "1.4.0"

github-url-from-username-repo@~1.0.2:
  version "1.0.2"

glob-parent@~5.1.2:
  version "5.1.2"
  resolved "https://registry.npmjs.org/glob-parent/-/glob-parent-5.1.2.tgz"
  integrity sha512-AOIgSQCepiJYwP3ARnGx+5VnTu2HBYdzbGP45eLw1vr3zB3vZLeyed1sC9hnbcOc9/SrMyM5RPQrkGz4aS9Zow==
  dependencies:
    is-glob "^4.0.1"

glob@^6.0.0:
  version "6.0.4"
  dependencies:
    inflight "^1.0.4"
    inherits "2"
    minimatch "2 || 3"
    once "^1.3.0"
    path-is-absolute "^1.0.0"

glob@^7.0.3, glob@^7.0.5, glob@~7.0.6:
  version "7.0.6"
  dependencies:
    fs.realpath "^1.0.0"
    inflight "^1.0.4"
    inherits "2"
    minimatch "^3.0.2"
    once "^1.3.0"
    path-is-absolute "^1.0.0"

graceful-fs@^4.1.2, graceful-fs@^4.1.6, graceful-fs@~4.1.6:
  version "4.1.6"

"graceful-readlink@>= 1.0.0":
  version "1.0.1"

har-validator@~2.0.6:
  version "2.0.6"
  dependencies:
    chalk "^1.1.1"
    commander "^2.9.0"
    is-my-json-valid "^2.12.4"
    pinkie-promise "^2.0.0"

has-ansi@^2.0.0:
  version "2.0.0"
  dependencies:
    ansi-regex "^2.0.0"

has-unicode@^2.0.0:
  version "2.0.0"

hawk@~3.1.3:
  version "3.1.3"
  dependencies:
    boom "2.x.x"
    cryptiles "2.x.x"
    hoek "2.x.x"
    sntp "1.x.x"

hoek@2.x.x:
  version "2.16.3"

hosted-git-info@^2.1.4, hosted-git-info@~2.1.5:
  version "2.1.5"

http-signature@~1.1.0:
  version "1.1.1"
  dependencies:
    assert-plus "^0.2.0"
    jsprim "^1.2.2"
    sshpk "^1.7.0"

iferr@^0.1.5:
  version "0.1.5"

immutable@^4.0.0:
  version "4.3.4"
  resolved "https://registry.npmjs.org/immutable/-/immutable-4.3.4.tgz"
  integrity sha512-fsXeu4J4i6WNWSikpI88v/PcVflZz+6kMhUfIwc5SY+poQRPnaf5V7qds6SUyUN3cVxEzuCab7QIoLOQ+DQ1wA==

imurmurhash@*, imurmurhash@^0.1.4:
  version "0.1.4"

inflight@^1.0.4, inflight@~1.0.4:
  version "1.0.5"
  dependencies:
    once "^1.3.0"
    wrappy "1"

inherits@~2.0.0, inherits@~2.0.1, inherits@~2.0.3, inherits@2:
  version "2.0.3"

ini@^1.3.4, ini@~1.3.4:
  version "1.3.4"

init-package-json@~1.9.4:
  version "1.9.4"
  dependencies:
    glob "^6.0.0"
    npm-package-arg "^4.0.0"
    promzard "^0.3.0"
    read "~1.0.1"
    read-package-json "1 || 2"
    semver "2.x || 3.x || 4 || 5"
    validate-npm-package-license "^3.0.1"
    validate-npm-package-name "^2.0.1"

is-binary-path@~2.1.0:
  version "2.1.0"
  resolved "https://registry.npmjs.org/is-binary-path/-/is-binary-path-2.1.0.tgz"
  integrity sha512-ZMERYes6pDydyuGidse7OsHxtbI7WVeUEozgR/g7rd0xUimYNlvZRE/K2MgZTjWy725IfelLeVcEM97mmtRGXw==
  dependencies:
    binary-extensions "^2.0.0"

is-builtin-module@^1.0.0:
  version "1.0.0"
  dependencies:
    builtin-modules "^1.0.0"

is-extglob@^2.1.1:
  version "2.1.1"
  resolved "https://registry.npmjs.org/is-extglob/-/is-extglob-2.1.1.tgz"
  integrity sha512-SbKbANkN603Vi4jEZv49LeVJMn4yGwsbzZworEoyEiutsN3nJYdbO36zfhGJ6QEDpOZIFkDtnq5JRxmvl3jsoQ==

is-glob@^4.0.1, is-glob@~4.0.1:
  version "4.0.3"
  resolved "https://registry.npmjs.org/is-glob/-/is-glob-4.0.3.tgz"
  integrity sha512-xelSayHH36ZgE7ZWhli7pW34hNbNl8Ojv5KVmkJD4hBdD3th8Tfk9vYasLM+mXWOZhFkgZfxhLSnrwRr4elSSg==
  dependencies:
    is-extglob "^2.1.1"

is-my-json-valid@^2.12.4:
  version "2.13.1"
  dependencies:
    generate-function "^2.0.0"
    generate-object-property "^1.1.0"
    jsonpointer "2.0.0"
    xtend "^4.0.0"

is-number@^7.0.0:
  version "7.0.0"
  resolved "https://registry.npmjs.org/is-number/-/is-number-7.0.0.tgz"
  integrity sha512-41Cifkg6e8TylSpdtTpeLVMqvSBEVzTttHvERD741+pnZ8ANv0004MRL43QKPDlK9cGvNp6NZWZUBlbGXYxxng==

is-property@^1.0.0:
  version "1.0.2"

is-typedarray@~1.0.0:
  version "1.0.0"

isarray@~1.0.0:
  version "1.0.0"

isarray@0.0.1:
  version "0.0.1"

isexe@^1.1.1:
  version "1.1.2"

isstream@~0.1.2:
  version "0.1.2"

jju@^1.1.0:
  version "1.3.0"

jodid25519@^1.0.0:
  version "1.0.2"
  dependencies:
    jsbn "~0.1.0"

jsbn@~0.1.0:
  version "0.1.0"

json-parse-helpfulerror@^1.0.2:
  version "1.0.3"
  dependencies:
    jju "^1.1.0"

json-schema@0.2.2:
  version "0.2.2"

json-stringify-safe@~5.0.1:
  version "5.0.1"

jsonpointer@2.0.0:
  version "2.0.0"

jsprim@^1.2.2:
  version "1.3.0"
  dependencies:
    extsprintf "1.0.2"
    json-schema "0.2.2"
    verror "1.3.6"

latest@^0.2.0:
  version "0.2.0"
  resolved "https://registry.npmjs.org/latest/-/latest-0.2.0.tgz"
  integrity sha512-nsIM/FjwLcsKZ1KDAw5CivnM26zzMs3zGBL4SdjYXHI5tMcOWjGhFDMBKIum4WNAkZmeVw7zU1jR2H2UiKoQVA==
  dependencies:
    npm "^2.5.1"

lockfile@~1.0.1:
  version "1.0.1"

lodash._baseslice@~4.0.0:
  version "4.0.0"

lodash._basetostring@~4.12.0:
  version "4.12.0"

lodash.pad@^4.1.0:
  version "4.4.0"
  dependencies:
    lodash._baseslice "~4.0.0"
    lodash._basetostring "~4.12.0"
    lodash.tostring "^4.0.0"

lodash.padend@^4.1.0:
  version "4.5.0"
  dependencies:
    lodash._baseslice "~4.0.0"
    lodash._basetostring "~4.12.0"
    lodash.tostring "^4.0.0"

lodash.padstart@^4.1.0:
  version "4.5.0"
  dependencies:
    lodash._baseslice "~4.0.0"
    lodash._basetostring "~4.12.0"
    lodash.tostring "^4.0.0"

lodash.tostring@^4.0.0:
  version "4.1.4"

lru-cache@~4.0.1:
  version "4.0.1"
  dependencies:
    pseudomap "^1.0.1"
    yallist "^2.0.0"

meshoptimizer@~0.18.1:
  version "0.18.1"
  resolved "https://registry.npmjs.org/meshoptimizer/-/meshoptimizer-0.18.1.tgz"
  integrity sha512-ZhoIoL7TNV4s5B6+rx5mC//fw8/POGyNxS/DZyCJeiZ12ScLfVwRE/GfsxwiTkMYYD5DmK2/JXnEVXqL4rF+Sw==

mime-db@~1.23.0:
  version "1.23.0"

mime-types@^2.1.10, mime-types@~2.1.7:
  version "2.1.11"
  dependencies:
    mime-db "~1.23.0"

minimatch@^3.0.0, minimatch@^3.0.2, minimatch@~3.0.3, "minimatch@2 || 3":
  version "3.0.3"
  dependencies:
    brace-expansion "^1.0.0"

minimist@0.0.8:
  version "0.0.8"

mkdirp@^0.5.0, "mkdirp@>=0.5 0", mkdirp@~0.5.0, mkdirp@~0.5.1:
  version "0.5.1"
  dependencies:
    minimist "0.0.8"

mute-stream@~0.0.4:
  version "0.0.5"

nanoid@^3.3.6:
  version "3.3.7"
  resolved "https://registry.npmjs.org/nanoid/-/nanoid-3.3.7.tgz"
  integrity sha512-eSRppjcPIatRIMC1U6UngP8XFcz8MQWGQdt1MTBQ7NaAmvXDfvNxbvWV3x2y6CdEUciCSsDHDQZbhYaB8QEo2g==

node-gyp@~3.6.0:
  version "3.6.0"
  dependencies:
    fstream "^1.0.0"
    glob "^7.0.3"
    graceful-fs "^4.1.2"
    minimatch "^3.0.2"
    mkdirp "^0.5.0"
    nopt "2 || 3"
    npmlog "0 || 1 || 2 || 3 || 4"
    osenv "0"
    request "2"
    rimraf "2"
    semver "~5.3.0"
    tar "^2.0.0"
    which "1"

node-uuid@~1.4.7:
  version "1.4.7"

nopt@~3.0.6, "nopt@2 || 3":
  version "3.0.6"
  dependencies:
    abbrev "1"

normalize-git-url@~3.0.2:
  version "3.0.2"

normalize-package-data@^2.0.0, "normalize-package-data@~1.0.1 || ^2.0.0", normalize-package-data@~2.3.5:
  version "2.3.5"
  dependencies:
    hosted-git-info "^2.1.4"
    is-builtin-module "^1.0.0"
    semver "2 || 3 || 4 || 5"
    validate-npm-package-license "^3.0.1"

normalize-path@^3.0.0, normalize-path@~3.0.0:
  version "3.0.0"
  resolved "https://registry.npmjs.org/normalize-path/-/normalize-path-3.0.0.tgz"
  integrity sha512-6eZs5Ls3WtCisHWp9S2GUy8dqkpGi4BVSz3GaqiE6ezub0512ESztXUwUB6C6IKbQkY2Pnb/mD4WYojCRwcwLA==

npm-cache-filename@~1.0.2:
  version "1.0.2"

npm-install-checks@~1.0.7:
  version "1.0.7"
  dependencies:
    npmlog "0.1 || 1 || 2"
    semver "^2.3.0 || 3.x || 4 || 5"

"npm-package-arg@^3.0.0 || ^4.0.0", npm-package-arg@^4.0.0, npm-package-arg@~4.1.0:
  version "4.1.0"
  dependencies:
    hosted-git-info "^2.1.4"
    semver "4 || 5"

npm-registry-client@~7.2.1:
  version "7.2.1"
  dependencies:
    concat-stream "^1.5.2"
    graceful-fs "^4.1.6"
    normalize-package-data "~1.0.1 || ^2.0.0"
    npm-package-arg "^3.0.0 || ^4.0.0"
    once "^1.3.3"
    request "^2.74.0"
    retry "^0.10.0"
    semver "2 >=2.2.1 || 3.x || 4 || 5"
    slide "^1.1.3"
  optionalDependencies:
    npmlog "~2.0.0 || ~3.1.0"

npm-user-validate@~0.1.5:
  version "0.1.5"

npm@^2.5.1:
  version "2.15.12"
  resolved "https://registry.npmjs.org/npm/-/npm-2.15.12.tgz"
  integrity sha512-WMoAJ518W0vHjWy1abYnTeyG9YQpSoYGPxAx7d0C0L7U7Jo44bZsrvTjccmDohCJGxpasdKfqsKsl6o/RUPx6A==
  dependencies:
    abbrev "~1.0.9"
    ansi "~0.3.1"
    ansi-regex "*"
    ansicolors "~0.3.2"
    ansistyles "~0.1.3"
    archy "~1.0.0"
    async-some "~1.0.2"
    block-stream "0.0.9"
    char-spinner "~1.0.1"
    chmodr "~1.0.2"
    chownr "~1.0.1"
    cmd-shim "~2.0.2"
    columnify "~1.5.4"
    config-chain "~1.1.10"
    dezalgo "~1.0.3"
    editor "~1.0.0"
    fs-vacuum "~1.2.9"
    fs-write-stream-atomic "~1.0.8"
    fstream "~1.0.10"
    fstream-npm "~1.1.1"
    github-url-from-git "~1.4.0"
    github-url-from-username-repo "~1.0.2"
    glob "~7.0.6"
    graceful-fs "~4.1.6"
    hosted-git-info "~2.1.5"
    imurmurhash "*"
    inflight "~1.0.4"
    inherits "~2.0.3"
    ini "~1.3.4"
    init-package-json "~1.9.4"
    lockfile "~1.0.1"
    lru-cache "~4.0.1"
    minimatch "~3.0.3"
    mkdirp "~0.5.1"
    node-gyp "~3.6.0"
    nopt "~3.0.6"
    normalize-git-url "~3.0.2"
    normalize-package-data "~2.3.5"
    npm-cache-filename "~1.0.2"
    npm-install-checks "~1.0.7"
    npm-package-arg "~4.1.0"
    npm-registry-client "~7.2.1"
    npm-user-validate "~0.1.5"
    npmlog "~2.0.4"
    once "~1.4.0"
    opener "~1.4.1"
    osenv "~0.1.3"
    path-is-inside "~1.0.0"
    read "~1.0.7"
    read-installed "~4.0.3"
    read-package-json "~2.0.4"
    readable-stream "~2.1.5"
    realize-package-specifier "~3.0.1"
    request "~2.74.0"
    retry "~0.10.0"
    rimraf "~2.5.4"
    semver "~5.1.0"
    sha "~2.0.1"
    slide "~1.1.6"
    sorted-object "~2.0.0"
    spdx-license-ids "~1.2.2"
    strip-ansi "~3.0.1"
    tar "~2.2.1"
    text-table "~0.2.0"
    uid-number "0.0.6"
    umask "~1.1.0"
    validate-npm-package-license "~3.0.1"
    validate-npm-package-name "~2.2.2"
    which "~1.2.11"
    wrappy "~1.0.2"
    write-file-atomic "~1.1.4"

"npmlog@~2.0.0 || ~3.1.0", npmlog@~2.0.4, "npmlog@0 || 1 || 2 || 3 || 4", "npmlog@0.1 || 1 || 2":
  version "2.0.4"
  dependencies:
    ansi "~0.3.1"
    are-we-there-yet "~1.1.2"
    gauge "~1.2.5"

oauth-sign@~0.8.1:
  version "0.8.2"

once@^1.3.0, once@^1.3.3, once@~1.4.0:
  version "1.4.0"
  dependencies:
    wrappy "1"

opener@~1.4.1:
  version "1.4.1"

os-homedir@^1.0.0:
  version "1.0.0"

os-tmpdir@^1.0.0:
  version "1.0.1"

osenv@~0.1.3, osenv@0:
  version "0.1.3"
  dependencies:
    os-homedir "^1.0.0"
    os-tmpdir "^1.0.0"

path-is-absolute@^1.0.0:
  version "1.0.0"

path-is-inside@^1.0.1, path-is-inside@~1.0.0:
  version "1.0.1"

picocolors@^1.0.0:
  version "1.0.0"
  resolved "https://registry.npmjs.org/picocolors/-/picocolors-1.0.0.tgz"
  integrity sha512-1fygroTLlHu66zi26VoTDv8yRgm0Fccecssto+MhsZ0D/DGW2sm8E8AjW7NU5VVTRt5GxbeZ5qBuJr+HyLYkjQ==

picomatch@^2.0.4, picomatch@^2.2.1:
  version "2.3.1"
  resolved "https://registry.npmjs.org/picomatch/-/picomatch-2.3.1.tgz"
  integrity sha512-JU3teHTNjmE2VCGFzuY8EXzCDVwEqB2a8fsIvwaStHhAWJEeVd1o1QD80CU6+ZdEXXSLbSsuLwJjkCBWqRQUVA==

pinkie-promise@^2.0.0:
  version "2.0.1"
  dependencies:
    pinkie "^2.0.0"

pinkie@^2.0.0:
  version "2.0.4"

postcss@^8.4.31:
  version "8.4.31"
  resolved "https://registry.npmjs.org/postcss/-/postcss-8.4.31.tgz"
  integrity sha512-PS08Iboia9mts/2ygV3eLpY5ghnUcfLV/EXTOW1E2qYxJKGGBUtNjN76FYHnMs36RmARn41bC0AZmn+rR0OVpQ==
  dependencies:
    nanoid "^3.3.6"
    picocolors "^1.0.0"
    source-map-js "^1.0.2"

process-nextick-args@~1.0.0:
  version "1.0.3"

process-nextick-args@~1.0.6:
  version "1.0.7"

promzard@^0.3.0:
  version "0.3.0"
  dependencies:
    read "1"

proto-list@~1.2.1:
  version "1.2.4"

pseudomap@^1.0.1:
  version "1.0.2"

qs@~6.2.0:
  version "6.2.1"

read-installed@~4.0.3:
  version "4.0.3"
  dependencies:
    debuglog "^1.0.1"
    read-package-json "^2.0.0"
    readdir-scoped-modules "^1.0.0"
    semver "2 || 3 || 4 || 5"
    slide "~1.1.3"
    util-extend "^1.0.1"
  optionalDependencies:
    graceful-fs "^4.1.2"

read-package-json@^2.0.0, read-package-json@~2.0.4, "read-package-json@1 || 2":
  version "2.0.4"
  dependencies:
    glob "^6.0.0"
    json-parse-helpfulerror "^1.0.2"
    normalize-package-data "^2.0.0"
  optionalDependencies:
    graceful-fs "^4.1.2"

read@~1.0.1, read@~1.0.7, read@1:
  version "1.0.7"
  dependencies:
    mute-stream "~0.0.4"

"readable-stream@^2.0.0 || ^1.1.13", readable-stream@~2.1.5, "readable-stream@1 || 2":
  version "2.1.5"
  dependencies:
    buffer-shims "^1.0.0"
    core-util-is "~1.0.0"
    inherits "~2.0.1"
    isarray "~1.0.0"
    process-nextick-args "~1.0.6"
    string_decoder "~0.10.x"
    util-deprecate "~1.0.1"

readable-stream@^2.0.2:
  version "2.0.2"
  dependencies:
    core-util-is "~1.0.0"
    inherits "~2.0.1"
    isarray "0.0.1"
    process-nextick-args "~1.0.0"
    string_decoder "~0.10.x"
    util-deprecate "~1.0.1"

readable-stream@~2.0.0:
  version "2.0.6"
  dependencies:
    core-util-is "~1.0.0"
    inherits "~2.0.1"
    isarray "~1.0.0"
    process-nextick-args "~1.0.6"
    string_decoder "~0.10.x"
    util-deprecate "~1.0.1"

readable-stream@~2.0.5:
  version "2.0.6"
  dependencies:
    core-util-is "~1.0.0"
    inherits "~2.0.1"
    isarray "~1.0.0"
    process-nextick-args "~1.0.6"
    string_decoder "~0.10.x"
    util-deprecate "~1.0.1"

readdir-scoped-modules@^1.0.0:
  version "1.0.2"
  dependencies:
    debuglog "^1.0.1"
    dezalgo "^1.0.0"
    graceful-fs "^4.1.2"
    once "^1.3.0"

readdirp@~3.6.0:
  version "3.6.0"
  resolved "https://registry.npmjs.org/readdirp/-/readdirp-3.6.0.tgz"
  integrity sha512-hOS089on8RduqdbhvQ5Z37A0ESjsqz6qnRcffsMU3495FuTdqSm+7bhJ29JvIOsBDEEnan5DPu9t3To9VRlMzA==
  dependencies:
    picomatch "^2.2.1"

realize-package-specifier@~3.0.1:
  version "3.0.1"
  dependencies:
    dezalgo "^1.0.1"
    npm-package-arg "^4.0.0"

request@^2.74.0, request@~2.74.0, request@2:
  version "2.74.0"
  dependencies:
    aws-sign2 "~0.6.0"
    aws4 "^1.2.1"
    bl "~1.1.2"
    caseless "~0.11.0"
    combined-stream "~1.0.5"
    extend "~3.0.0"
    forever-agent "~0.6.1"
    form-data "~1.0.0-rc4"
    har-validator "~2.0.6"
    hawk "~3.1.3"
    http-signature "~1.1.0"
    is-typedarray "~1.0.0"
    isstream "~0.1.2"
    json-stringify-safe "~5.0.1"
    mime-types "~2.1.7"
    node-uuid "~1.4.7"
    oauth-sign "~0.8.1"
    qs "~6.2.0"
    stringstream "~0.0.4"
    tough-cookie "~2.3.0"
    tunnel-agent "~0.4.1"

retry@^0.10.0:
  version "0.10.0"

retry@~0.10.0:
  version "0.10.0"

rimraf@^2.5.2, rimraf@~2.5.4, rimraf@2:
  version "2.5.4"
  dependencies:
    glob "^7.0.5"

rollup@^4.2.0:
  version "4.6.0"
  resolved "https://registry.npmjs.org/rollup/-/rollup-4.6.0.tgz"
  integrity sha512-R8i5Her4oO1LiMQ3jKf7MUglYV/mhQ5g5OKeld5CnkmPdIGo79FDDQYqPhq/PCVuTQVuxsWgIbDy9F+zdHn80w==
  optionalDependencies:
    "@rollup/rollup-android-arm-eabi" "4.6.0"
    "@rollup/rollup-android-arm64" "4.6.0"
    "@rollup/rollup-darwin-arm64" "4.6.0"
    "@rollup/rollup-darwin-x64" "4.6.0"
    "@rollup/rollup-linux-arm-gnueabihf" "4.6.0"
    "@rollup/rollup-linux-arm64-gnu" "4.6.0"
    "@rollup/rollup-linux-arm64-musl" "4.6.0"
    "@rollup/rollup-linux-x64-gnu" "4.6.0"
    "@rollup/rollup-linux-x64-musl" "4.6.0"
    "@rollup/rollup-win32-arm64-msvc" "4.6.0"
    "@rollup/rollup-win32-ia32-msvc" "4.6.0"
    "@rollup/rollup-win32-x64-msvc" "4.6.0"
    fsevents "~2.3.2"

sass@*, sass@^1.69.5:
  version "1.69.5"
  resolved "https://registry.npmjs.org/sass/-/sass-1.69.5.tgz"
  integrity sha512-qg2+UCJibLr2LCVOt3OlPhr/dqVHWOa9XtZf2OjbLs/T4VPSJ00udtgJxH3neXZm+QqX8B+3cU7RaLqp1iVfcQ==
  dependencies:
    chokidar ">=3.0.0 <4.0.0"
    immutable "^4.0.0"
    source-map-js ">=0.6.2 <2.0.0"

"semver@^2.3.0 || 3.x || 4 || 5", semver@~5.1.0, "semver@2 >=2.2.1 || 3.x || 4 || 5", "semver@2 || 3 || 4 || 5", "semver@2.x || 3.x || 4 || 5", "semver@4 || 5":
  version "5.1.0"

semver@~5.3.0:
  version "5.3.0"

sha@~2.0.1:
  version "2.0.1"
  dependencies:
    graceful-fs "^4.1.2"
    readable-stream "^2.0.2"

slide@^1.1.3, slide@^1.1.5, slide@~1.1.3, slide@~1.1.6:
  version "1.1.6"

sntp@1.x.x:
  version "1.0.9"
  dependencies:
    hoek "2.x.x"

sorted-object@~2.0.0:
  version "2.0.0"

source-map-js@^1.0.2, "source-map-js@>=0.6.2 <2.0.0":
  version "1.0.2"
  resolved "https://registry.npmjs.org/source-map-js/-/source-map-js-1.0.2.tgz"
  integrity sha512-R0XvVJ9WusLiqTCEiGCmICCMplcCkIwwR11mOSD9CR5u+IXYdiseeEuXCVAjS54zqwkLcPNnmU4OeJ6tUrWhDw==

spdx-correct@~1.0.0:
  version "1.0.2"
  dependencies:
    spdx-license-ids "^1.0.2"

spdx-exceptions@^1.0.4:
  version "1.0.4"

spdx-expression-parse@~1.0.0:
  version "1.0.2"
  dependencies:
    spdx-exceptions "^1.0.4"
    spdx-license-ids "^1.0.0"

spdx-license-ids@^1.0.0, spdx-license-ids@^1.0.2, spdx-license-ids@~1.2.2:
  version "1.2.2"

sshpk@^1.7.0:
  version "1.9.2"
  dependencies:
    asn1 "~0.2.3"
    assert-plus "^1.0.0"
    dashdash "^1.12.0"
    getpass "^0.1.1"
  optionalDependencies:
    ecc-jsbn "~0.1.1"
    jodid25519 "^1.0.0"
    jsbn "~0.1.0"
    tweetnacl "~0.13.0"

string_decoder@~0.10.x:
  version "0.10.31"

stringstream@~0.0.4:
  version "0.0.5"

strip-ansi@^3.0.0, strip-ansi@~3.0.1:
  version "3.0.1"
  dependencies:
    ansi-regex "^2.0.0"

supports-color@^2.0.0:
  version "2.0.0"

tar@^2.0.0, tar@~2.2.1:
  version "2.2.1"
  dependencies:
    block-stream "*"
    fstream "^1.0.2"
    inherits "2"

text-table@~0.2.0:
  version "0.2.0"

three@^0.159.0:
  version "0.159.0"
  resolved "https://registry.npmjs.org/three/-/three-0.159.0.tgz"
  integrity sha512-eCmhlLGbBgucuo4VEA9IO3Qpc7dh8Bd4VKzr7WfW4+8hMcIfoAVi1ev0pJYN9PTTsCslbcKgBwr2wNZ1EvLInA==

to-regex-range@^5.0.1:
  version "5.0.1"
  resolved "https://registry.npmjs.org/to-regex-range/-/to-regex-range-5.0.1.tgz"
  integrity sha512-65P7iz6X5yEr1cwcgvQxbbIw7Uk3gOy5dIdtZ4rDveLqhrdJP+Li/Hx6tyK0NEb+2GCyneCMJiGqrADCSNk8sQ==
  dependencies:
    is-number "^7.0.0"

tough-cookie@~2.3.0:
  version "2.3.1"

tunnel-agent@~0.4.1:
  version "0.4.3"

tweetnacl@~0.13.0:
  version "0.13.3"

typedarray@~0.0.5:
  version "0.0.6"

uid-number@0.0.6:
  version "0.0.6"

umask@~1.1.0:
  version "1.1.0"

util-deprecate@~1.0.1:
  version "1.0.2"

util-extend@^1.0.1:
  version "1.0.1"

validate-npm-package-license@^3.0.1, validate-npm-package-license@~3.0.1:
  version "3.0.1"
  dependencies:
    spdx-correct "~1.0.0"
    spdx-expression-parse "~1.0.0"

validate-npm-package-name@^2.0.1, validate-npm-package-name@~2.2.2:
  version "2.2.2"
  dependencies:
    builtins "0.0.7"

verror@1.3.6:
  version "1.3.6"
  dependencies:
    extsprintf "1.0.2"

vite@^5.0.3:
  version "5.0.3"
  resolved "https://registry.npmjs.org/vite/-/vite-5.0.3.tgz"
  integrity sha512-WgEq8WEKpZ8c0DL4M1+E+kBZEJyjBmGVrul6z8Ljfhv+PPbNF4aGq014DwNYxGz2FGq6NKL0N8usdiESWd2l2w==
  dependencies:
    esbuild "^0.19.3"
    postcss "^8.4.31"
    rollup "^4.2.0"
  optionalDependencies:
    fsevents "~2.3.3"

wcwidth@^1.0.0:
  version "1.0.0"
  dependencies:
    defaults "^1.0.0"

which@~1.2.11, which@1:
  version "1.2.11"
  dependencies:
    isexe "^1.1.1"

wrappy@~1.0.2, wrappy@1:
  version "1.0.2"

write-file-atomic@~1.1.4:
  version "1.1.4"
  dependencies:
    graceful-fs "^4.1.2"
    imurmurhash "^0.1.4"
    slide "^1.1.5"

xtend@^4.0.0:
  version "4.0.1"

yallist@^2.0.0:
  version "2.0.0"
